
Microsoft Visual Studio Solution File, Format Version 12.00
# Visual Studio Version 17
VisualStudioVersion = 17.0.31903.59
MinimumVisualStudioVersion = 10.0.40219.1
Project("{9A19103F-16F7-4668-BE54-9A1E7A4F7556}") = "Board", "Board\Board.csproj", "{183DC56C-BA23-4447-9154-9A37F94C068D}"
EndProject
Project("{9A19103F-16F7-4668-BE54-9A1E7A4F7556}") = "Board.BusinessLogic", "Board.BusinessLogic\Board.BusinessLogic.csproj", "{5211C9C4-D889-4B95-A764-1F267D1F172D}"
EndProject
Project("{9A19103F-16F7-4668-BE54-9A1E7A4F7556}") = "Board.Common", "Board.Common\Board.Common.csproj", "{4674027A-70DB-413E-AB24-1418A567C307}"
EndProject
Project("{9A19103F-16F7-4668-BE54-9A1E7A4F7556}") = "Board.Common.Wpf", "Board.Common.Wpf\Board.Common.Wpf.csproj", "{83251DEC-1FEC-4000-AE63-288D92B4B1D3}"
EndProject
Project("{9A19103F-16F7-4668-BE54-9A1E7A4F7556}") = "Board.Dependencies", "Board.Dependencies\Board.Dependencies.csproj", "{FF2F6EC0-944A-4504-9195-3F28E12A934E}"
EndProject
Project("{9A19103F-16F7-4668-BE54-9A1E7A4F7556}") = "Board.Resources", "Board.Resources\Board.Resources.csproj", "{DDDE62C3-A181-421D-953C-5EED78C0F5A5}"
EndProject
Project("{9A19103F-16F7-4668-BE54-9A1E7A4F7556}") = "Board.Data", "Board.Data\Board.Data.csproj", "{A5985E08-8494-4BDB-BD9F-34D13990DA4B}"
EndProject
Project("{9A19103F-16F7-4668-BE54-9A1E7A4F7556}") = "Board.Data.SQLite", "Board.Data.SQLite\Board.Data.SQLite.csproj", "{18519B1B-176D-4F2D-9DEB-4BD45D148294}"
EndProject
Project("{9A19103F-16F7-4668-BE54-9A1E7A4F7556}") = "Board.Models", "Board.Models\Board.Models.csproj", "{4120DD6C-8273-4CFA-B8DF-DE863B1D86F7}"
EndProject
Global
	GlobalSection(SolutionConfigurationPlatforms) = preSolution
		Debug|Any CPU = Debug|Any CPU
		Release|Any CPU = Release|Any CPU
	EndGlobalSection
	GlobalSection(ProjectConfigurationPlatforms) = postSolution
		{183DC56C-BA23-4447-9154-9A37F94C068D}.Debug|Any CPU.ActiveCfg = Debug|Any CPU
		{183DC56C-BA23-4447-9154-9A37F94C068D}.Debug|Any CPU.Build.0 = Debug|Any CPU
		{183DC56C-BA23-4447-9154-9A37F94C068D}.Release|Any CPU.ActiveCfg = Release|Any CPU
		{183DC56C-BA23-4447-9154-9A37F94C068D}.Release|Any CPU.Build.0 = Release|Any CPU
		{5211C9C4-D889-4B95-A764-1F267D1F172D}.Debug|Any CPU.ActiveCfg = Debug|Any CPU
		{5211C9C4-D889-4B95-A764-1F267D1F172D}.Debug|Any CPU.Build.0 = Debug|Any CPU
		{5211C9C4-D889-4B95-A764-1F267D1F172D}.Release|Any CPU.ActiveCfg = Release|Any CPU
		{5211C9C4-D889-4B95-A764-1F267D1F172D}.Release|Any CPU.Build.0 = Release|Any CPU
		{4674027A-70DB-413E-AB24-1418A567C307}.Debug|Any CPU.ActiveCfg = Debug|Any CPU
		{4674027A-70DB-413E-AB24-1418A567C307}.Debug|Any CPU.Build.0 = Debug|Any CPU
		{4674027A-70DB-413E-AB24-1418A567C307}.Release|Any CPU.ActiveCfg = Release|Any CPU
		{4674027A-70DB-413E-AB24-1418A567C307}.Release|Any CPU.Build.0 = Release|Any CPU
		{83251DEC-1FEC-4000-AE63-288D92B4B1D3}.Debug|Any CPU.ActiveCfg = Debug|Any CPU
		{83251DEC-1FEC-4000-AE63-288D92B4B1D3}.Debug|Any CPU.Build.0 = Debug|Any CPU
		{83251DEC-1FEC-4000-AE63-288D92B4B1D3}.Release|Any CPU.ActiveCfg = Release|Any CPU
		{83251DEC-1FEC-4000-AE63-288D92B4B1D3}.Release|Any CPU.Build.0 = Release|Any CPU
		{FF2F6EC0-944A-4504-9195-3F28E12A934E}.Debug|Any CPU.ActiveCfg = Debug|Any CPU
		{FF2F6EC0-944A-4504-9195-3F28E12A934E}.Debug|Any CPU.Build.0 = Debug|Any CPU
		{FF2F6EC0-944A-4504-9195-3F28E12A934E}.Release|Any CPU.ActiveCfg = Release|Any CPU
		{FF2F6EC0-944A-4504-9195-3F28E12A934E}.Release|Any CPU.Build.0 = Release|Any CPU
		{DDDE62C3-A181-421D-953C-5EED78C0F5A5}.Debug|Any CPU.ActiveCfg = Debug|Any CPU
		{DDDE62C3-A181-421D-953C-5EED78C0F5A5}.Debug|Any CPU.Build.0 = Debug|Any CPU
		{DDDE62C3-A181-421D-953C-5EED78C0F5A5}.Release|Any CPU.ActiveCfg = Release|Any CPU
		{DDDE62C3-A181-421D-953C-5EED78C0F5A5}.Release|Any CPU.Build.0 = Release|Any CPU
		{A5985E08-8494-4BDB-BD9F-34D13990DA4B}.Debug|Any CPU.ActiveCfg = Debug|Any CPU
		{A5985E08-8494-4BDB-BD9F-34D13990DA4B}.Debug|Any CPU.Build.0 = Debug|Any CPU
		{A5985E08-8494-4BDB-BD9F-34D13990DA4B}.Release|Any CPU.ActiveCfg = Release|Any CPU
		{A5985E08-8494-4BDB-BD9F-34D13990DA4B}.Release|Any CPU.Build.0 = Release|Any CPU
		{18519B1B-176D-4F2D-9DEB-4BD45D148294}.Debug|Any CPU.ActiveCfg = Debug|Any CPU
		{18519B1B-176D-4F2D-9DEB-4BD45D148294}.Debug|Any CPU.Build.0 = Debug|Any CPU
		{18519B1B-176D-4F2D-9DEB-4BD45D148294}.Release|Any CPU.ActiveCfg = Release|Any CPU
		{18519B1B-176D-4F2D-9DEB-4BD45D148294}.Release|Any CPU.Build.0 = Release|Any CPU
		{4120DD6C-8273-4CFA-B8DF-DE863B1D86F7}.Debug|Any CPU.ActiveCfg = Debug|Any CPU
		{4120DD6C-8273-4CFA-B8DF-DE863B1D86F7}.Debug|Any CPU.Build.0 = Debug|Any CPU
		{4120DD6C-8273-4CFA-B8DF-DE863B1D86F7}.Release|Any CPU.ActiveCfg = Release|Any CPU
		{4120DD6C-8273-4CFA-B8DF-DE863B1D86F7}.Release|Any CPU.Build.0 = Release|Any CPU
	EndGlobalSection
	GlobalSection(SolutionProperties) = preSolution
		HideSolutionNode = FALSE
	EndGlobalSection
	GlobalSection(ExtensibilityGlobals) = postSolution
		SolutionGuid = {A39182F5-D3A2-44F1-A32C-B252F78EF56C}
	EndGlobalSection
EndGlobal
